// !$*UTF8*$!
{
	archiveVersion = 1;
	classes = {
	};
	objectVersion = 56;
	objects = {

/* Begin PBXBuildFile section */
		56524F8529F1F72800583037 /* Personal_Blog_AppApp.swift in Sources */ = {isa = PBXBuildFile; fileRef = 56524F8429F1F72800583037 /* Personal_Blog_AppApp.swift */; };
		56524F8729F1F72800583037 /* ContentView.swift in Sources */ = {isa = PBXBuildFile; fileRef = 56524F8629F1F72800583037 /* ContentView.swift */; };
		56524F8929F1F72900583037 /* Assets.xcassets in Resources */ = {isa = PBXBuildFile; fileRef = 56524F8829F1F72900583037 /* Assets.xcassets */; };
		56524F8C29F1F72900583037 /* Preview Assets.xcassets in Resources */ = {isa = PBXBuildFile; fileRef = 56524F8B29F1F72900583037 /* Preview Assets.xcassets */; };
		56524F9A29F1FAAA00583037 /* FirebaseAuth in Frameworks */ = {isa = PBXBuildFile; productRef = 56524F9929F1FAAA00583037 /* FirebaseAuth */; };
		56524F9E29F1FB0B00583037 /* LoginView.swift in Sources */ = {isa = PBXBuildFile; fileRef = 56524F9D29F1FB0B00583037 /* LoginView.swift */; };
		56524FA329F2073F00583037 /* FirebaseFirestore in Frameworks */ = {isa = PBXBuildFile; productRef = 56524FA229F2073F00583037 /* FirebaseFirestore */; };
		56524FA529F2073F00583037 /* FirebaseFirestoreSwift in Frameworks */ = {isa = PBXBuildFile; productRef = 56524FA429F2073F00583037 /* FirebaseFirestoreSwift */; };
		56524FA729F2073F00583037 /* FirebaseStorage in Frameworks */ = {isa = PBXBuildFile; productRef = 56524FA629F2073F00583037 /* FirebaseStorage */; };
		56524FA929F20B3100583037 /* User.swift in Sources */ = {isa = PBXBuildFile; fileRef = 56524FA829F20B3100583037 /* User.swift */; };
		56524FAD29F2740B00583037 /* LoadingView.swift in Sources */ = {isa = PBXBuildFile; fileRef = 56524FAC29F2740B00583037 /* LoadingView.swift */; };
		56524FB129F28DA700583037 /* RegisterView.swift in Sources */ = {isa = PBXBuildFile; fileRef = 56524FB029F28DA700583037 /* RegisterView.swift */; };
		56524FB429F2902600583037 /* View+Extensions.swift in Sources */ = {isa = PBXBuildFile; fileRef = 56524FB329F2902600583037 /* View+Extensions.swift */; };
		56524FB729F291A500583037 /* MainView.swift in Sources */ = {isa = PBXBuildFile; fileRef = 56524FB629F291A500583037 /* MainView.swift */; };
		56524FB929F2944400583037 /* ProfileView.swift in Sources */ = {isa = PBXBuildFile; fileRef = 56524FB829F2944400583037 /* ProfileView.swift */; };
		56524FBB29F2B84000583037 /* ReusableProfileContent.swift in Sources */ = {isa = PBXBuildFile; fileRef = 56524FBA29F2B84000583037 /* ReusableProfileContent.swift */; };
		56524FBE29F2BAC100583037 /* SDWebImageSwiftUI in Frameworks */ = {isa = PBXBuildFile; productRef = 56524FBD29F2BAC100583037 /* SDWebImageSwiftUI */; };
		56524FC029F2CB0300583037 /* CreateNewPost.swift in Sources */ = {isa = PBXBuildFile; fileRef = 56524FBF29F2CB0300583037 /* CreateNewPost.swift */; };
		56524FC229F2CB7600583037 /* Post.swift in Sources */ = {isa = PBXBuildFile; fileRef = 56524FC129F2CB7600583037 /* Post.swift */; };
		56524FC429F2ED3800583037 /* PostsView.swift in Sources */ = {isa = PBXBuildFile; fileRef = 56524FC329F2ED3800583037 /* PostsView.swift */; };
		56524FC629F2EF7E00583037 /* ReusablePostsView.swift in Sources */ = {isa = PBXBuildFile; fileRef = 56524FC529F2EF7E00583037 /* ReusablePostsView.swift */; };
		56524FC829F2F35A00583037 /* PostCardView.swift in Sources */ = {isa = PBXBuildFile; fileRef = 56524FC729F2F35A00583037 /* PostCardView.swift */; };
		56524FCC29F2F7C200583037 /* SearchUserView.swift in Sources */ = {isa = PBXBuildFile; fileRef = 56524FCB29F2F7C200583037 /* SearchUserView.swift */; };
		56D7AAF82A3CEBAC00829A8F /* GoogleService-Info.plist in Resources */ = {isa = PBXBuildFile; fileRef = 56D7AAF72A3CEBAC00829A8F /* GoogleService-Info.plist */; };
/* End PBXBuildFile section */

/* Begin PBXFileReference section */
		56524F8129F1F72800583037 /* Personal Blog App.app */ = {isa = PBXFileReference; explicitFileType = wrapper.application; includeInIndex = 0; path = "Personal Blog App.app"; sourceTree = BUILT_PRODUCTS_DIR; };
		56524F8429F1F72800583037 /* Personal_Blog_AppApp.swift */ = {isa = PBXFileReference; lastKnownFileType = sourcecode.swift; path = Personal_Blog_AppApp.swift; sourceTree = "<group>"; };
		56524F8629F1F72800583037 /* ContentView.swift */ = {isa = PBXFileReference; lastKnownFileType = sourcecode.swift; path = ContentView.swift; sourceTree = "<group>"; };
		56524F8829F1F72900583037 /* Assets.xcassets */ = {isa = PBXFileReference; lastKnownFileType = folder.assetcatalog; path = Assets.xcassets; sourceTree = "<group>"; };
		56524F8B29F1F72900583037 /* Preview Assets.xcassets */ = {isa = PBXFileReference; lastKnownFileType = folder.assetcatalog; path = "Preview Assets.xcassets"; sourceTree = "<group>"; };
		56524F9D29F1FB0B00583037 /* LoginView.swift */ = {isa = PBXFileReference; lastKnownFileType = sourcecode.swift; path = LoginView.swift; sourceTree = "<group>"; };
		56524FA829F20B3100583037 /* User.swift */ = {isa = PBXFileReference; lastKnownFileType = sourcecode.swift; path = User.swift; sourceTree = "<group>"; };
		56524FAC29F2740B00583037 /* LoadingView.swift */ = {isa = PBXFileReference; lastKnownFileType = sourcecode.swift; path = LoadingView.swift; sourceTree = "<group>"; };
		56524FB029F28DA700583037 /* RegisterView.swift */ = {isa = PBXFileReference; lastKnownFileType = sourcecode.swift; path = RegisterView.swift; sourceTree = "<group>"; };
		56524FB329F2902600583037 /* View+Extensions.swift */ = {isa = PBXFileReference; lastKnownFileType = sourcecode.swift; path = "View+Extensions.swift"; sourceTree = "<group>"; };
		56524FB629F291A500583037 /* MainView.swift */ = {isa = PBXFileReference; lastKnownFileType = sourcecode.swift; path = MainView.swift; sourceTree = "<group>"; };
		56524FB829F2944400583037 /* ProfileView.swift */ = {isa = PBXFileReference; lastKnownFileType = sourcecode.swift; path = ProfileView.swift; sourceTree = "<group>"; };
		56524FBA29F2B84000583037 /* ReusableProfileContent.swift */ = {isa = PBXFileReference; lastKnownFileType = sourcecode.swift; path = ReusableProfileContent.swift; sourceTree = "<group>"; };
		56524FBF29F2CB0300583037 /* CreateNewPost.swift */ = {isa = PBXFileReference; lastKnownFileType = sourcecode.swift; path = CreateNewPost.swift; sourceTree = "<group>"; };
		56524FC129F2CB7600583037 /* Post.swift */ = {isa = PBXFileReference; lastKnownFileType = sourcecode.swift; path = Post.swift; sourceTree = "<group>"; };
		56524FC329F2ED3800583037 /* PostsView.swift */ = {isa = PBXFileReference; lastKnownFileType = sourcecode.swift; path = PostsView.swift; sourceTree = "<group>"; };
		56524FC529F2EF7E00583037 /* ReusablePostsView.swift */ = {isa = PBXFileReference; lastKnownFileType = sourcecode.swift; path = ReusablePostsView.swift; sourceTree = "<group>"; };
		56524FC729F2F35A00583037 /* PostCardView.swift */ = {isa = PBXFileReference; lastKnownFileType = sourcecode.swift; path = PostCardView.swift; sourceTree = "<group>"; };
		56524FCB29F2F7C200583037 /* SearchUserView.swift */ = {isa = PBXFileReference; lastKnownFileType = sourcecode.swift; path = SearchUserView.swift; sourceTree = "<group>"; };
		56D7AAF72A3CEBAC00829A8F /* GoogleService-Info.plist */ = {isa = PBXFileReference; fileEncoding = 4; lastKnownFileType = text.plist.xml; name = "GoogleService-Info.plist"; path = "../../../../GoogleService-Info.plist"; sourceTree = "<group>"; };
/* End PBXFileReference section */

/* Begin PBXFrameworksBuildPhase section */
		56524F7E29F1F72800583037 /* Frameworks */ = {
			isa = PBXFrameworksBuildPhase;
			buildActionMask = 2147483647;
			files = (
				56524FBE29F2BAC100583037 /* SDWebImageSwiftUI in Frameworks */,
				56524F9A29F1FAAA00583037 /* FirebaseAuth in Frameworks */,
				56524FA729F2073F00583037 /* FirebaseStorage in Frameworks */,
				56524FA329F2073F00583037 /* FirebaseFirestore in Frameworks */,
				56524FA529F2073F00583037 /* FirebaseFirestoreSwift in Frameworks */,
			);
			runOnlyForDeploymentPostprocessing = 0;
		};
/* End PBXFrameworksBuildPhase section */

/* Begin PBXGroup section */
		56524F7829F1F72800583037 = {
			isa = PBXGroup;
			children = (
				56524F8329F1F72800583037 /* Personal Blog App */,
				56524F8229F1F72800583037 /* Products */,
				56524FA129F2073F00583037 /* Frameworks */,
			);
			sourceTree = "<group>";
		};
		56524F8229F1F72800583037 /* Products */ = {
			isa = PBXGroup;
			children = (
				56524F8129F1F72800583037 /* Personal Blog App.app */,
			);
			name = Products;
			sourceTree = "<group>";
		};
		56524F8329F1F72800583037 /* Personal Blog App */ = {
			isa = PBXGroup;
			children = (
				56D7AAF72A3CEBAC00829A8F /* GoogleService-Info.plist */,
				56524F9C29F1FAD900583037 /* View */,
				56524F9B29F1FACA00583037 /* Model */,
				56524F8429F1F72800583037 /* Personal_Blog_AppApp.swift */,
				56524F8629F1F72800583037 /* ContentView.swift */,
				56524F8829F1F72900583037 /* Assets.xcassets */,
				56524F8A29F1F72900583037 /* Preview Content */,
			);
			path = "Personal Blog App";
			sourceTree = "<group>";
		};
		56524F8A29F1F72900583037 /* Preview Content */ = {
			isa = PBXGroup;
			children = (
				56524F8B29F1F72900583037 /* Preview Assets.xcassets */,
			);
			path = "Preview Content";
			sourceTree = "<group>";
		};
		56524F9B29F1FACA00583037 /* Model */ = {
			isa = PBXGroup;
			children = (
				56524FA829F20B3100583037 /* User.swift */,
				56524FC129F2CB7600583037 /* Post.swift */,
			);
			path = Model;
			sourceTree = "<group>";
		};
		56524F9C29F1FAD900583037 /* View */ = {
			isa = PBXGroup;
			children = (
				56524FB229F28FD900583037 /* Helpers */,
				56524FAF29F28C1B00583037 /* MainView */,
				56524FAE29F28BF800583037 /* Login */,
				56524FAC29F2740B00583037 /* LoadingView.swift */,
			);
			path = View;
			sourceTree = "<group>";
		};
		56524FA129F2073F00583037 /* Frameworks */ = {
			isa = PBXGroup;
			children = (
			);
			name = Frameworks;
			sourceTree = "<group>";
		};
		56524FAE29F28BF800583037 /* Login */ = {
			isa = PBXGroup;
			children = (
				56524F9D29F1FB0B00583037 /* LoginView.swift */,
				56524FB029F28DA700583037 /* RegisterView.swift */,
			);
			path = Login;
			sourceTree = "<group>";
		};
		56524FAF29F28C1B00583037 /* MainView */ = {
			isa = PBXGroup;
			children = (
				56524FB629F291A500583037 /* MainView.swift */,
				56524FBF29F2CB0300583037 /* CreateNewPost.swift */,
				56524FCA29F2F6E000583037 /* UserProfileView */,
				56524FC929F2F68800583037 /* PostViewPages */,
				56524FCB29F2F7C200583037 /* SearchUserView.swift */,
			);
			path = MainView;
			sourceTree = "<group>";
		};
		56524FB229F28FD900583037 /* Helpers */ = {
			isa = PBXGroup;
			children = (
				56524FB329F2902600583037 /* View+Extensions.swift */,
			);
			path = Helpers;
			sourceTree = "<group>";
		};
		56524FC929F2F68800583037 /* PostViewPages */ = {
			isa = PBXGroup;
			children = (
				56524FC329F2ED3800583037 /* PostsView.swift */,
				56524FC529F2EF7E00583037 /* ReusablePostsView.swift */,
				56524FC729F2F35A00583037 /* PostCardView.swift */,
			);
			path = PostViewPages;
			sourceTree = "<group>";
		};
		56524FCA29F2F6E000583037 /* UserProfileView */ = {
			isa = PBXGroup;
			children = (
				56524FB829F2944400583037 /* ProfileView.swift */,
				56524FBA29F2B84000583037 /* ReusableProfileContent.swift */,
			);
			path = UserProfileView;
			sourceTree = "<group>";
		};
/* End PBXGroup section */

/* Begin PBXNativeTarget section */
		56524F8029F1F72800583037 /* Personal Blog App */ = {
			isa = PBXNativeTarget;
			buildConfigurationList = 56524F8F29F1F72900583037 /* Build configuration list for PBXNativeTarget "Personal Blog App" */;
			buildPhases = (
				56524F7D29F1F72800583037 /* Sources */,
				56524F7E29F1F72800583037 /* Frameworks */,
				56524F7F29F1F72800583037 /* Resources */,
			);
			buildRules = (
			);
			dependencies = (
			);
			name = "Personal Blog App";
			packageProductDependencies = (
				56524F9929F1FAAA00583037 /* FirebaseAuth */,
				56524FA229F2073F00583037 /* FirebaseFirestore */,
				56524FA429F2073F00583037 /* FirebaseFirestoreSwift */,
				56524FA629F2073F00583037 /* FirebaseStorage */,
				56524FBD29F2BAC100583037 /* SDWebImageSwiftUI */,
			);
			productName = "Personal Blog App";
			productReference = 56524F8129F1F72800583037 /* Personal Blog App.app */;
			productType = "com.apple.product-type.application";
		};
/* End PBXNativeTarget section */

/* Begin PBXProject section */
		56524F7929F1F72800583037 /* Project object */ = {
			isa = PBXProject;
			attributes = {
				BuildIndependentTargetsInParallel = 1;
				LastSwiftUpdateCheck = 1420;
				LastUpgradeCheck = 1420;
				TargetAttributes = {
					56524F8029F1F72800583037 = {
						CreatedOnToolsVersion = 14.2;
					};
				};
			};
			buildConfigurationList = 56524F7C29F1F72800583037 /* Build configuration list for PBXProject "Personal Blog App" */;
			compatibilityVersion = "Xcode 14.0";
			developmentRegion = en;
			hasScannedForEncodings = 0;
			knownRegions = (
				en,
				Base,
			);
			mainGroup = 56524F7829F1F72800583037;
			packageReferences = (
				56524F9829F1FAAA00583037 /* XCRemoteSwiftPackageReference "firebase-ios-sdk" */,
				56524FBC29F2BAC100583037 /* XCRemoteSwiftPackageReference "SDWebImageSwiftUI" */,
			);
			productRefGroup = 56524F8229F1F72800583037 /* Products */;
			projectDirPath = "";
			projectRoot = "";
			targets = (
				56524F8029F1F72800583037 /* Personal Blog App */,
			);
		};
/* End PBXProject section */

/* Begin PBXResourcesBuildPhase section */
		56524F7F29F1F72800583037 /* Resources */ = {
			isa = PBXResourcesBuildPhase;
			buildActionMask = 2147483647;
			files = (
				56524F8C29F1F72900583037 /* Preview Assets.xcassets in Resources */,
				56524F8929F1F72900583037 /* Assets.xcassets in Resources */,
				56D7AAF82A3CEBAC00829A8F /* GoogleService-Info.plist in Resources */,
			);
			runOnlyForDeploymentPostprocessing = 0;
		};
/* End PBXResourcesBuildPhase section */

/* Begin PBXSourcesBuildPhase section */
		56524F7D29F1F72800583037 /* Sources */ = {
			isa = PBXSourcesBuildPhase;
			buildActionMask = 2147483647;
			files = (
				56524FA929F20B3100583037 /* User.swift in Sources */,
				56524FB929F2944400583037 /* ProfileView.swift in Sources */,
				56524FBB29F2B84000583037 /* ReusableProfileContent.swift in Sources */,
				56524FC229F2CB7600583037 /* Post.swift in Sources */,
				56524FB729F291A500583037 /* MainView.swift in Sources */,
				56524F9E29F1FB0B00583037 /* LoginView.swift in Sources */,
				56524F8729F1F72800583037 /* ContentView.swift in Sources */,
				56524FC629F2EF7E00583037 /* ReusablePostsView.swift in Sources */,
				56524FB429F2902600583037 /* View+Extensions.swift in Sources */,
				56524FC029F2CB0300583037 /* CreateNewPost.swift in Sources */,
				56524FC429F2ED3800583037 /* PostsView.swift in Sources */,
				56524FB129F28DA700583037 /* RegisterView.swift in Sources */,
				56524FC829F2F35A00583037 /* PostCardView.swift in Sources */,
				56524FAD29F2740B00583037 /* LoadingView.swift in Sources */,
				56524F8529F1F72800583037 /* Personal_Blog_AppApp.swift in Sources */,
				56524FCC29F2F7C200583037 /* SearchUserView.swift in Sources */,
			);
			runOnlyForDeploymentPostprocessing = 0;
		};
/* End PBXSourcesBuildPhase section */

/* Begin XCBuildConfiguration section */
		56524F8D29F1F72900583037 /* Debug */ = {
			isa = XCBuildConfiguration;
			buildSettings = {
				ALWAYS_SEARCH_USER_PATHS = NO;
				CLANG_ANALYZER_NONNULL = YES;
				CLANG_ANALYZER_NUMBER_OBJECT_CONVERSION = YES_AGGRESSIVE;
				CLANG_CXX_LANGUAGE_STANDARD = "gnu++20";
				CLANG_ENABLE_MODULES = YES;
				CLANG_ENABLE_OBJC_ARC = YES;
				CLANG_ENABLE_OBJC_WEAK = YES;
				CLANG_WARN_BLOCK_CAPTURE_AUTORELEASING = YES;
				CLANG_WARN_BOOL_CONVERSION = YES;
				CLANG_WARN_COMMA = YES;
				CLANG_WARN_CONSTANT_CONVERSION = YES;
				CLANG_WARN_DEPRECATED_OBJC_IMPLEMENTATIONS = YES;
				CLANG_WARN_DIRECT_OBJC_ISA_USAGE = YES_ERROR;
				CLANG_WARN_DOCUMENTATION_COMMENTS = YES;
				CLANG_WARN_EMPTY_BODY = YES;
				CLANG_WARN_ENUM_CONVERSION = YES;
				CLANG_WARN_INFINITE_RECURSION = YES;
				CLANG_WARN_INT_CONVERSION = YES;
				CLANG_WARN_NON_LITERAL_NULL_CONVERSION = YES;
				CLANG_WARN_OBJC_IMPLICIT_RETAIN_SELF = YES;
				CLANG_WARN_OBJC_LITERAL_CONVERSION = YES;
				CLANG_WARN_OBJC_ROOT_CLASS = YES_ERROR;
				CLANG_WARN_QUOTED_INCLUDE_IN_FRAMEWORK_HEADER = YES;
				CLANG_WARN_RANGE_LOOP_ANALYSIS = YES;
				CLANG_WARN_STRICT_PROTOTYPES = YES;
				CLANG_WARN_SUSPICIOUS_MOVE = YES;
				CLANG_WARN_UNGUARDED_AVAILABILITY = YES_AGGRESSIVE;
				CLANG_WARN_UNREACHABLE_CODE = YES;
				CLANG_WARN__DUPLICATE_METHOD_MATCH = YES;
				COPY_PHASE_STRIP = NO;
				DEBUG_INFORMATION_FORMAT = dwarf;
				ENABLE_STRICT_OBJC_MSGSEND = YES;
				ENABLE_TESTABILITY = YES;
				GCC_C_LANGUAGE_STANDARD = gnu11;
				GCC_DYNAMIC_NO_PIC = NO;
				GCC_NO_COMMON_BLOCKS = YES;
				GCC_OPTIMIZATION_LEVEL = 0;
				GCC_PREPROCESSOR_DEFINITIONS = (
					"DEBUG=1",
					"$(inherited)",
				);
				GCC_WARN_64_TO_32_BIT_CONVERSION = YES;
				GCC_WARN_ABOUT_RETURN_TYPE = YES_ERROR;
				GCC_WARN_UNDECLARED_SELECTOR = YES;
				GCC_WARN_UNINITIALIZED_AUTOS = YES_AGGRESSIVE;
				GCC_WARN_UNUSED_FUNCTION = YES;
				GCC_WARN_UNUSED_VARIABLE = YES;
				IPHONEOS_DEPLOYMENT_TARGET = 16.2;
				MTL_ENABLE_DEBUG_INFO = INCLUDE_SOURCE;
				MTL_FAST_MATH = YES;
				ONLY_ACTIVE_ARCH = YES;
				SDKROOT = iphoneos;
				SWIFT_ACTIVE_COMPILATION_CONDITIONS = DEBUG;
				SWIFT_OPTIMIZATION_LEVEL = "-Onone";
			};
			name = Debug;
		};
		56524F8E29F1F72900583037 /* Release */ = {
			isa = XCBuildConfiguration;
			buildSettings = {
				ALWAYS_SEARCH_USER_PATHS = NO;
				CLANG_ANALYZER_NONNULL = YES;
				CLANG_ANALYZER_NUMBER_OBJECT_CONVERSION = YES_AGGRESSIVE;
				CLANG_CXX_LANGUAGE_STANDARD = "gnu++20";
				CLANG_ENABLE_MODULES = YES;
				CLANG_ENABLE_OBJC_ARC = YES;
				CLANG_ENABLE_OBJC_WEAK = YES;
				CLANG_WARN_BLOCK_CAPTURE_AUTORELEASING = YES;
				CLANG_WARN_BOOL_CONVERSION = YES;
				CLANG_WARN_COMMA = YES;
				CLANG_WARN_CONSTANT_CONVERSION = YES;
				CLANG_WARN_DEPRECATED_OBJC_IMPLEMENTATIONS = YES;
				CLANG_WARN_DIRECT_OBJC_ISA_USAGE = YES_ERROR;
				CLANG_WARN_DOCUMENTATION_COMMENTS = YES;
				CLANG_WARN_EMPTY_BODY = YES;
				CLANG_WARN_ENUM_CONVERSION = YES;
				CLANG_WARN_INFINITE_RECURSION = YES;
				CLANG_WARN_INT_CONVERSION = YES;
				CLANG_WARN_NON_LITERAL_NULL_CONVERSION = YES;
				CLANG_WARN_OBJC_IMPLICIT_RETAIN_SELF = YES;
				CLANG_WARN_OBJC_LITERAL_CONVERSION = YES;
				CLANG_WARN_OBJC_ROOT_CLASS = YES_ERROR;
				CLANG_WARN_QUOTED_INCLUDE_IN_FRAMEWORK_HEADER = YES;
				CLANG_WARN_RANGE_LOOP_ANALYSIS = YES;
				CLANG_WARN_STRICT_PROTOTYPES = YES;
				CLANG_WARN_SUSPICIOUS_MOVE = YES;
				CLANG_WARN_UNGUARDED_AVAILABILITY = YES_AGGRESSIVE;
				CLANG_WARN_UNREACHABLE_CODE = YES;
				CLANG_WARN__DUPLICATE_METHOD_MATCH = YES;
				COPY_PHASE_STRIP = NO;
				DEBUG_INFORMATION_FORMAT = "dwarf-with-dsym";
				ENABLE_NS_ASSERTIONS = NO;
				ENABLE_STRICT_OBJC_MSGSEND = YES;
				GCC_C_LANGUAGE_STANDARD = gnu11;
				GCC_NO_COMMON_BLOCKS = YES;
				GCC_WARN_64_TO_32_BIT_CONVERSION = YES;
				GCC_WARN_ABOUT_RETURN_TYPE = YES_ERROR;
				GCC_WARN_UNDECLARED_SELECTOR = YES;
				GCC_WARN_UNINITIALIZED_AUTOS = YES_AGGRESSIVE;
				GCC_WARN_UNUSED_FUNCTION = YES;
				GCC_WARN_UNUSED_VARIABLE = YES;
				IPHONEOS_DEPLOYMENT_TARGET = 16.2;
				MTL_ENABLE_DEBUG_INFO = NO;
				MTL_FAST_MATH = YES;
				SDKROOT = iphoneos;
				SWIFT_COMPILATION_MODE = wholemodule;
				SWIFT_OPTIMIZATION_LEVEL = "-O";
				VALIDATE_PRODUCT = YES;
			};
			name = Release;
		};
		56524F9029F1F72900583037 /* Debug */ = {
			isa = XCBuildConfiguration;
			buildSettings = {
				ASSETCATALOG_COMPILER_APPICON_NAME = AppIcon;
				ASSETCATALOG_COMPILER_GLOBAL_ACCENT_COLOR_NAME = AccentColor;
				CODE_SIGN_STYLE = Automatic;
				CURRENT_PROJECT_VERSION = 1;
				DEVELOPMENT_ASSET_PATHS = "\"Personal Blog App/Preview Content\"";
				ENABLE_PREVIEWS = YES;
				GENERATE_INFOPLIST_FILE = YES;
				INFOPLIST_KEY_UIApplicationSceneManifest_Generation = YES;
				INFOPLIST_KEY_UIApplicationSupportsIndirectInputEvents = YES;
				INFOPLIST_KEY_UILaunchScreen_Generation = YES;
				INFOPLIST_KEY_UILaunchStoryboardName = a;
				INFOPLIST_KEY_UISupportedInterfaceOrientations_iPad = "UIInterfaceOrientationPortrait UIInterfaceOrientationPortraitUpsideDown UIInterfaceOrientationLandscapeLeft UIInterfaceOrientationLandscapeRight";
				INFOPLIST_KEY_UISupportedInterfaceOrientations_iPhone = "UIInterfaceOrientationPortrait UIInterfaceOrientationLandscapeLeft UIInterfaceOrientationLandscapeRight";
				LD_RUNPATH_SEARCH_PATHS = (
					"$(inherited)",
					"@executable_path/Frameworks",
				);
				MARKETING_VERSION = 1.0;
				PRODUCT_BUNDLE_IDENTIFIER = "Educational.Personal-Blog-App";
				PRODUCT_NAME = "$(TARGET_NAME)";
				SWIFT_EMIT_LOC_STRINGS = YES;
				SWIFT_VERSION = 5.0;
				TARGETED_DEVICE_FAMILY = "1,2";
			};
			name = Debug;
		};
		56524F9129F1F72900583037 /* Release */ = {
			isa = XCBuildConfiguration;
			buildSettings = {
				ASSETCATALOG_COMPILER_APPICON_NAME = AppIcon;
				ASSETCATALOG_COMPILER_GLOBAL_ACCENT_COLOR_NAME = AccentColor;
				CODE_SIGN_STYLE = Automatic;
				CURRENT_PROJECT_VERSION = 1;
				DEVELOPMENT_ASSET_PATHS = "\"Personal Blog App/Preview Content\"";
				ENABLE_PREVIEWS = YES;
				GENERATE_INFOPLIST_FILE = YES;
				INFOPLIST_KEY_UIApplicationSceneManifest_Generation = YES;
				INFOPLIST_KEY_UIApplicationSupportsIndirectInputEvents = YES;
				INFOPLIST_KEY_UILaunchScreen_Generation = YES;
				INFOPLIST_KEY_UILaunchStoryboardName = a;
				INFOPLIST_KEY_UISupportedInterfaceOrientations_iPad = "UIInterfaceOrientationPortrait UIInterfaceOrientationPortraitUpsideDown UIInterfaceOrientationLandscapeLeft UIInterfaceOrientationLandscapeRight";
				INFOPLIST_KEY_UISupportedInterfaceOrientations_iPhone = "UIInterfaceOrientationPortrait UIInterfaceOrientationLandscapeLeft UIInterfaceOrientationLandscapeRight";
				LD_RUNPATH_SEARCH_PATHS = (
					"$(inherited)",
					"@executable_path/Frameworks",
				);
				MARKETING_VERSION = 1.0;
				PRODUCT_BUNDLE_IDENTIFIER = "Educational.Personal-Blog-App";
				PRODUCT_NAME = "$(TARGET_NAME)";
				SWIFT_EMIT_LOC_STRINGS = YES;
				SWIFT_VERSION = 5.0;
				TARGETED_DEVICE_FAMILY = "1,2";
			};
			name = Release;
		};
/* End XCBuildConfiguration section */

/* Begin XCConfigurationList section */
		56524F7C29F1F72800583037 /* Build configuration list for PBXProject "Personal Blog App" */ = {
			isa = XCConfigurationList;
			buildConfigurations = (
				56524F8D29F1F72900583037 /* Debug */,
				56524F8E29F1F72900583037 /* Release */,
			);
			defaultConfigurationIsVisible = 0;
			defaultConfigurationName = Release;
		};
		56524F8F29F1F72900583037 /* Build configuration list for PBXNativeTarget "Personal Blog App" */ = {
			isa = XCConfigurationList;
			buildConfigurations = (
				56524F9029F1F72900583037 /* Debug */,
				56524F9129F1F72900583037 /* Release */,
			);
			defaultConfigurationIsVisible = 0;
			defaultConfigurationName = Release;
		};
/* End XCConfigurationList section */

/* Begin XCRemoteSwiftPackageReference section */
		56524F9829F1FAAA00583037 /* XCRemoteSwiftPackageReference "firebase-ios-sdk" */ = {
			isa = XCRemoteSwiftPackageReference;
			repositoryURL = "https://github.com/firebase/firebase-ios-sdk";
			requirement = {
				kind = upToNextMajorVersion;
				minimumVersion = 9.0.0;
			};
		};
		56524FBC29F2BAC100583037 /* XCRemoteSwiftPackageReference "SDWebImageSwiftUI" */ = {
			isa = XCRemoteSwiftPackageReference;
			repositoryURL = "https://github.com/SDWebImage/SDWebImageSwiftUI";
			requirement = {
				kind = upToNextMajorVersion;
				minimumVersion = 2.0.0;
			};
		};
/* End XCRemoteSwiftPackageReference section */

/* Begin XCSwiftPackageProductDependency section */
		56524F9929F1FAAA00583037 /* FirebaseAuth */ = {
			isa = XCSwiftPackageProductDependency;
			package = 56524F9829F1FAAA00583037 /* XCRemoteSwiftPackageReference "firebase-ios-sdk" */;
			productName = FirebaseAuth;
		};
		56524FA229F2073F00583037 /* FirebaseFirestore */ = {
			isa = XCSwiftPackageProductDependency;
			package = 56524F9829F1FAAA00583037 /* XCRemoteSwiftPackageReference "firebase-ios-sdk" */;
			productName = FirebaseFirestore;
		};
		56524FA429F2073F00583037 /* FirebaseFirestoreSwift */ = {
			isa = XCSwiftPackageProductDependency;
			package = 56524F9829F1FAAA00583037 /* XCRemoteSwiftPackageReference "firebase-ios-sdk" */;
			productName = FirebaseFirestoreSwift;
		};
		56524FA629F2073F00583037 /* FirebaseStorage */ = {
			isa = XCSwiftPackageProductDependency;
			package = 56524F9829F1FAAA00583037 /* XCRemoteSwiftPackageReference "firebase-ios-sdk" */;
			productName = FirebaseStorage;
		};
		56524FBD29F2BAC100583037 /* SDWebImageSwiftUI */ = {
			isa = XCSwiftPackageProductDependency;
			package = 56524FBC29F2BAC100583037 /* XCRemoteSwiftPackageReference "SDWebImageSwiftUI" */;
			productName = SDWebImageSwiftUI;
		};
/* End XCSwiftPackageProductDependency section */
	};
	rootObject = 56524F7929F1F72800583037 /* Project object */;
}
